
Microsoft Visual Studio Solution File, Format Version 12.00
# Visual Studio Version 17
VisualStudioVersion = 17.9.34723.18
MinimumVisualStudioVersion = 10.0.40219.1
Project("{FAE04EC0-301F-11D3-BF4B-00C04F79EFBC}") = "foreach", "foreach\foreach.csproj", "{559FF955-3FAA-4027-972D-3FBF4F30B3B4}"
EndProject
Global
	GlobalSection(SolutionConfigurationPlatforms) = preSolution
		Debug|Any CPU = Debug|Any CPU
		Release|Any CPU = Release|Any CPU
	EndGlobalSection
	GlobalSection(ProjectConfigurationPlatforms) = postSolution
		{559FF955-3FAA-4027-972D-3FBF4F30B3B4}.Debug|Any CPU.ActiveCfg = Debug|Any CPU
		{559FF955-3FAA-4027-972D-3FBF4F30B3B4}.Debug|Any CPU.Build.0 = Debug|Any CPU
		{559FF955-3FAA-4027-972D-3FBF4F30B3B4}.Release|Any CPU.ActiveCfg = Release|Any CPU
		{559FF955-3FAA-4027-972D-3FBF4F30B3B4}.Release|Any CPU.Build.0 = Release|Any CPU
	EndGlobalSection
	GlobalSection(SolutionProperties) = preSolution
		HideSolutionNode = FALSE
	EndGlobalSection
	GlobalSection(ExtensibilityGlobals) = postSolution
		SolutionGuid = {A9D80CF7-60E8-4C06-AB66-273CB681704E}
	EndGlobalSection
EndGlobal
